
Microsoft Visual Studio Solution File, Format Version 12.00
# Visual Studio Version 17
VisualStudioVersion = 17.6.33815.320
MinimumVisualStudioVersion = 10.0.40219.1
Project("{FAE04EC0-301F-11D3-BF4B-00C04F79EFBC}") = "LoginBlazorApp.Server", "LoginBlazorApp\Server\LoginBlazorApp.Server.csproj", "{7E9DF143-D100-4828-9F35-4179FBE2BE61}"
EndProject
Project("{FAE04EC0-301F-11D3-BF4B-00C04F79EFBC}") = "LoginBlazorApp.Client", "LoginBlazorApp\Client\LoginBlazorApp.Client.csproj", "{0CE351C7-9F64-44A5-96A7-C9798BF48A77}"
EndProject
Project("{FAE04EC0-301F-11D3-BF4B-00C04F79EFBC}") = "LoginBlazorApp.Shared", "LoginBlazorApp\Shared\LoginBlazorApp.Shared.csproj", "{1282E84A-9A57-40E5-98C1-9789504D3497}"
EndProject
Global
	GlobalSection(SolutionConfigurationPlatforms) = preSolution
		Debug|Any CPU = Debug|Any CPU
		Release|Any CPU = Release|Any CPU
	EndGlobalSection
	GlobalSection(ProjectConfigurationPlatforms) = postSolution
		{7E9DF143-D100-4828-9F35-4179FBE2BE61}.Debug|Any CPU.ActiveCfg = Debug|Any CPU
		{7E9DF143-D100-4828-9F35-4179FBE2BE61}.Debug|Any CPU.Build.0 = Debug|Any CPU
		{7E9DF143-D100-4828-9F35-4179FBE2BE61}.Release|Any CPU.ActiveCfg = Release|Any CPU
		{7E9DF143-D100-4828-9F35-4179FBE2BE61}.Release|Any CPU.Build.0 = Release|Any CPU
		{0CE351C7-9F64-44A5-96A7-C9798BF48A77}.Debug|Any CPU.ActiveCfg = Debug|Any CPU
		{0CE351C7-9F64-44A5-96A7-C9798BF48A77}.Debug|Any CPU.Build.0 = Debug|Any CPU
		{0CE351C7-9F64-44A5-96A7-C9798BF48A77}.Release|Any CPU.ActiveCfg = Release|Any CPU
		{0CE351C7-9F64-44A5-96A7-C9798BF48A77}.Release|Any CPU.Build.0 = Release|Any CPU
		{1282E84A-9A57-40E5-98C1-9789504D3497}.Debug|Any CPU.ActiveCfg = Debug|Any CPU
		{1282E84A-9A57-40E5-98C1-9789504D3497}.Debug|Any CPU.Build.0 = Debug|Any CPU
		{1282E84A-9A57-40E5-98C1-9789504D3497}.Release|Any CPU.ActiveCfg = Release|Any CPU
		{1282E84A-9A57-40E5-98C1-9789504D3497}.Release|Any CPU.Build.0 = Release|Any CPU
	EndGlobalSection
	GlobalSection(SolutionProperties) = preSolution
		HideSolutionNode = FALSE
	EndGlobalSection
	GlobalSection(ExtensibilityGlobals) = postSolution
		SolutionGuid = {6EAB70D5-CE9F-45BC-A959-8B061BB945DA}
	EndGlobalSection
EndGlobal
